
Microsoft Visual Studio Solution File, Format Version 12.00
# Visual Studio 15
VisualStudioVersion = 15.0.27428.2043
MinimumVisualStudioVersion = 10.0.40219.1
Project("{FAE04EC0-301F-11D3-BF4B-00C04F79EFBC}") = "JooleMVC", "JooleMVC\JooleMVC.csproj", "{2FD16F17-E73B-4ED4-9E08-F1F0322BB541}"
EndProject
Project("{FAE04EC0-301F-11D3-BF4B-00C04F79EFBC}") = "JooleWebAPI", "JooleWebAPI\JooleWebAPI.csproj", "{04041DDE-6D82-4DFE-A298-7AA7316AE0C5}"
EndProject
Global
	GlobalSection(SolutionConfigurationPlatforms) = preSolution
		Debug|Any CPU = Debug|Any CPU
		Release|Any CPU = Release|Any CPU
	EndGlobalSection
	GlobalSection(ProjectConfigurationPlatforms) = postSolution
		{2FD16F17-E73B-4ED4-9E08-F1F0322BB541}.Debug|Any CPU.ActiveCfg = Debug|Any CPU
		{2FD16F17-E73B-4ED4-9E08-F1F0322BB541}.Debug|Any CPU.Build.0 = Debug|Any CPU
		{2FD16F17-E73B-4ED4-9E08-F1F0322BB541}.Release|Any CPU.ActiveCfg = Release|Any CPU
		{2FD16F17-E73B-4ED4-9E08-F1F0322BB541}.Release|Any CPU.Build.0 = Release|Any CPU
		{04041DDE-6D82-4DFE-A298-7AA7316AE0C5}.Debug|Any CPU.ActiveCfg = Debug|Any CPU
		{04041DDE-6D82-4DFE-A298-7AA7316AE0C5}.Debug|Any CPU.Build.0 = Debug|Any CPU
		{04041DDE-6D82-4DFE-A298-7AA7316AE0C5}.Release|Any CPU.ActiveCfg = Release|Any CPU
		{04041DDE-6D82-4DFE-A298-7AA7316AE0C5}.Release|Any CPU.Build.0 = Release|Any CPU
	EndGlobalSection
	GlobalSection(SolutionProperties) = preSolution
		HideSolutionNode = FALSE
	EndGlobalSection
	GlobalSection(ExtensibilityGlobals) = postSolution
		SolutionGuid = {956746D9-2955-460E-8B35-3ED18DB54BA7}
	EndGlobalSection
	GlobalSection(TeamFoundationVersionControl) = preSolution
		SccNumberOfProjects = 3
		SccEnterpriseProvider = {4CA58AB2-18FA-4F8D-95D4-32DDF27D184C}
		SccTeamFoundationServer = http://192.168.1.5:8080/tfs/development
		SccLocalPath0 = .
		SccProjectUniqueName1 = JooleMVC\\JooleMVC.csproj
		SccProjectName1 = JooleMVC
		SccLocalPath1 = JooleMVC
		SccProjectUniqueName2 = JooleWebAPI\\JooleWebAPI.csproj
		SccProjectName2 = JooleWebAPI
		SccLocalPath2 = JooleWebAPI
	EndGlobalSection
EndGlobal
